
Microsoft Visual Studio Solution File, Format Version 12.00
# Visual Studio 15
VisualStudioVersion = 15.0.28307.852
MinimumVisualStudioVersion = 10.0.40219.1
Project("{FAE04EC0-301F-11D3-BF4B-00C04F79EFBC}") = "Vueling.Api", "Vueling.Api\Vueling.Api.csproj", "{BB747371-3129-4EA0-9093-1C2C6D047853}"
EndProject
Global
	GlobalSection(SolutionConfigurationPlatforms) = preSolution
		Debug|Any CPU = Debug|Any CPU
		Release|Any CPU = Release|Any CPU
	EndGlobalSection
	GlobalSection(ProjectConfigurationPlatforms) = postSolution
		{BB747371-3129-4EA0-9093-1C2C6D047853}.Debug|Any CPU.ActiveCfg = Debug|Any CPU
		{BB747371-3129-4EA0-9093-1C2C6D047853}.Debug|Any CPU.Build.0 = Debug|Any CPU
		{BB747371-3129-4EA0-9093-1C2C6D047853}.Release|Any CPU.ActiveCfg = Release|Any CPU
		{BB747371-3129-4EA0-9093-1C2C6D047853}.Release|Any CPU.Build.0 = Release|Any CPU
	EndGlobalSection
	GlobalSection(SolutionProperties) = preSolution
		HideSolutionNode = FALSE
	EndGlobalSection
	GlobalSection(ExtensibilityGlobals) = postSolution
		SolutionGuid = {05A985A0-5960-4424-B02B-E1DD28BA536E}
	EndGlobalSection
EndGlobal
